
Microsoft Visual Studio Solution File, Format Version 12.00
# Visual Studio Version 17
VisualStudioVersion = 17.4.33205.214
MinimumVisualStudioVersion = 10.0.40219.1
Project("{9A19103F-16F7-4668-BE54-9A1E7A4F7556}") = "RabbitMQDemo", "RabbitMQDemo\RabbitMQDemo.csproj", "{65EACDC5-666A-486A-AC82-33BF31C5267F}"
EndProject
Project("{9A19103F-16F7-4668-BE54-9A1E7A4F7556}") = "RabbitMQProducer", "RabbitMQProducer\RabbitMQProducer.csproj", "{F7B1E226-D50F-4229-BEEA-18D23F43DA40}"
EndProject
Project("{FAE04EC0-301F-11D3-BF4B-00C04F79EFBC}") = "RabbitMQConsumer", "RabbitMQConsumer\RabbitMQConsumer.csproj", "{5701C8D7-BB2C-4580-8192-FF27A960C237}"
EndProject
Project("{FAE04EC0-301F-11D3-BF4B-00C04F79EFBC}") = "backend", "backend\backend.csproj", "{E2FC47E9-36C8-49BF-A172-E2678B12C162}"
EndProject
Global
	GlobalSection(SolutionConfigurationPlatforms) = preSolution
		Debug|Any CPU = Debug|Any CPU
		Release|Any CPU = Release|Any CPU
	EndGlobalSection
	GlobalSection(ProjectConfigurationPlatforms) = postSolution
		{65EACDC5-666A-486A-AC82-33BF31C5267F}.Debug|Any CPU.ActiveCfg = Debug|Any CPU
		{65EACDC5-666A-486A-AC82-33BF31C5267F}.Debug|Any CPU.Build.0 = Debug|Any CPU
		{65EACDC5-666A-486A-AC82-33BF31C5267F}.Release|Any CPU.ActiveCfg = Release|Any CPU
		{65EACDC5-666A-486A-AC82-33BF31C5267F}.Release|Any CPU.Build.0 = Release|Any CPU
		{F7B1E226-D50F-4229-BEEA-18D23F43DA40}.Debug|Any CPU.ActiveCfg = Debug|Any CPU
		{F7B1E226-D50F-4229-BEEA-18D23F43DA40}.Debug|Any CPU.Build.0 = Debug|Any CPU
		{F7B1E226-D50F-4229-BEEA-18D23F43DA40}.Release|Any CPU.ActiveCfg = Release|Any CPU
		{F7B1E226-D50F-4229-BEEA-18D23F43DA40}.Release|Any CPU.Build.0 = Release|Any CPU
		{5701C8D7-BB2C-4580-8192-FF27A960C237}.Debug|Any CPU.ActiveCfg = Debug|Any CPU
		{5701C8D7-BB2C-4580-8192-FF27A960C237}.Debug|Any CPU.Build.0 = Debug|Any CPU
		{5701C8D7-BB2C-4580-8192-FF27A960C237}.Release|Any CPU.ActiveCfg = Release|Any CPU
		{5701C8D7-BB2C-4580-8192-FF27A960C237}.Release|Any CPU.Build.0 = Release|Any CPU
		{E2FC47E9-36C8-49BF-A172-E2678B12C162}.Debug|Any CPU.ActiveCfg = Debug|Any CPU
		{E2FC47E9-36C8-49BF-A172-E2678B12C162}.Debug|Any CPU.Build.0 = Debug|Any CPU
		{E2FC47E9-36C8-49BF-A172-E2678B12C162}.Release|Any CPU.ActiveCfg = Release|Any CPU
		{E2FC47E9-36C8-49BF-A172-E2678B12C162}.Release|Any CPU.Build.0 = Release|Any CPU
	EndGlobalSection
	GlobalSection(SolutionProperties) = preSolution
		HideSolutionNode = FALSE
	EndGlobalSection
	GlobalSection(ExtensibilityGlobals) = postSolution
		SolutionGuid = {5B60CB00-C4BE-4358-BCE4-1463C36E077C}
	EndGlobalSection
EndGlobal
